
Microsoft Visual Studio Solution File, Format Version 12.00
# Visual Studio 2013
VisualStudioVersion = 12.0.21005.1
MinimumVisualStudioVersion = 10.0.40219.1
Project("{8BC9CEB8-8B4A-11D0-8D11-00A0C91BC942}") = "二维数组中的查找", "二维数组中的查找\二维数组中的查找.vcxproj", "{F954AE0A-18AA-4689-A495-1CA86E28D846}"
EndProject
Global
	GlobalSection(SolutionConfigurationPlatforms) = preSolution
		Debug|Win32 = Debug|Win32
		Release|Win32 = Release|Win32
	EndGlobalSection
	GlobalSection(ProjectConfigurationPlatforms) = postSolution
		{F954AE0A-18AA-4689-A495-1CA86E28D846}.Debug|Win32.ActiveCfg = Debug|Win32
		{F954AE0A-18AA-4689-A495-1CA86E28D846}.Debug|Win32.Build.0 = Debug|Win32
		{F954AE0A-18AA-4689-A495-1CA86E28D846}.Release|Win32.ActiveCfg = Release|Win32
		{F954AE0A-18AA-4689-A495-1CA86E28D846}.Release|Win32.Build.0 = Release|Win32
	EndGlobalSection
	GlobalSection(SolutionProperties) = preSolution
		HideSolutionNode = FALSE
	EndGlobalSection
EndGlobal
